# This file is automatically @generated by Cargo.
# It is not intended for manual editing.
version = 4

[[package]]
name = "safemesh-crdt"
version = "0.1.0"
source = "git+https://github.com/velvetmonkey/safemesh?rev=cab067b1113605007d8cd0098cbc996b15fffafc#cab067b1113605007d8cd0098cbc996b15fffafc"

[[package]]
name = "safemesh-pinned-consumer"
version = "0.0.0"
dependencies = [
 "safemesh-crdt",
]
